{
  "https://www.mydomain.com/remote-video.mp4": { "resolved": "https://www.web.com/mydomain?brand=mydomain&channelID=P99C101S653N0B2A16D132E0000V147", "integrity": "sha512-gXFcU6qK6uUahantS6rL8nABsuuyvUQKQ2jCiGaIyD1nje03DGwq3n78uy54+uNw3h+Jrgvu1sM3OssWyYwRmw==", "contentType": "text/html;charset=utf-8" },
  "version": 1
}
